{
  "name": "008-Check-publishnpm",
  "lockfileVersion": 3,
  "requires": true,
  "packages": {
    "": {
      "dependencies": {
        "hisab-sudip": "^1.0.0"
      }
    },
    "node_modules/hisab-sudip": {
      "version": "1.0.0",
      "resolved": "https://registry.npmjs.org/hisab-sudip/-/hisab-sudip-1.0.0.tgz",
      "integrity": "sha512-knCvA6nyZhUXERGaKSmNIqlFpSEXHpTmjePFbviGPffc8mFQ/tnR1kq/kSA1pW52/B+s7+vOrkMCL29M6VcVAA=="
    }
  }
}
